
Microsoft Visual Studio Solution File, Format Version 12.00
# Visual Studio 2017
Project("{FAE04EC0-301F-11D3-BF4B-00C04F79EFBC}") = "JhonnyAR", "JhonnyAR.csproj", "{19841175-AE70-375A-AD86-9FD86105C472}"
EndProject
Project("{FAE04EC0-301F-11D3-BF4B-00C04F79EFBC}") = "JhonnyAR.Editor", "JhonnyAR.Editor.csproj", "{9D66E5DA-41E5-17E8-20A0-32FA1E6CAE66}"
EndProject
Global
	GlobalSection(SolutionConfigurationPlatforms) = preSolution
		Debug|Any CPU = Debug|Any CPU
		Release|Any CPU = Release|Any CPU
	EndGlobalSection
	GlobalSection(ProjectConfigurationPlatforms) = postSolution
		{19841175-AE70-375A-AD86-9FD86105C472}.Debug|Any CPU.ActiveCfg = Debug|Any CPU
		{19841175-AE70-375A-AD86-9FD86105C472}.Debug|Any CPU.Build.0 = Debug|Any CPU
		{19841175-AE70-375A-AD86-9FD86105C472}.Release|Any CPU.ActiveCfg = Release|Any CPU
		{19841175-AE70-375A-AD86-9FD86105C472}.Release|Any CPU.Build.0 = Release|Any CPU
		{9D66E5DA-41E5-17E8-20A0-32FA1E6CAE66}.Debug|Any CPU.ActiveCfg = Debug|Any CPU
		{9D66E5DA-41E5-17E8-20A0-32FA1E6CAE66}.Debug|Any CPU.Build.0 = Debug|Any CPU
		{9D66E5DA-41E5-17E8-20A0-32FA1E6CAE66}.Release|Any CPU.ActiveCfg = Release|Any CPU
		{9D66E5DA-41E5-17E8-20A0-32FA1E6CAE66}.Release|Any CPU.Build.0 = Release|Any CPU
	EndGlobalSection
	GlobalSection(SolutionProperties) = preSolution
		HideSolutionNode = FALSE
	EndGlobalSection
EndGlobal
